
Microsoft Visual Studio Solution File, Format Version 12.00
# Visual Studio Version 17
VisualStudioVersion = 17.0.31903.59
MinimumVisualStudioVersion = 10.0.40219.1
Project("{FAE04EC0-301F-11D3-BF4B-00C04F79EFBC}") = "MainApp", "MainApp\MainApp.csproj", "{1CFA2E40-E726-4457-8AE3-2E073ED2F5BE}"
EndProject
Project("{FAE04EC0-301F-11D3-BF4B-00C04F79EFBC}") = "Domain", "Domain\Domain.csproj", "{6630BBEB-6027-43BE-A0F5-23AECE93104B}"
EndProject
Project("{FAE04EC0-301F-11D3-BF4B-00C04F79EFBC}") = "Infrastructure", "Infrastructure\Infrastructure.csproj", "{6EC0532D-76F1-42D6-81B1-A5B7B3BDB29A}"
EndProject
Project("{FAE04EC0-301F-11D3-BF4B-00C04F79EFBC}") = "WebAPI", "WebAPI\WebAPI.csproj", "{613EC3E0-EEB6-4769-A047-531DDAA63565}"
EndProject
Global
	GlobalSection(SolutionConfigurationPlatforms) = preSolution
		Debug|Any CPU = Debug|Any CPU
		Release|Any CPU = Release|Any CPU
	EndGlobalSection
	GlobalSection(SolutionProperties) = preSolution
		HideSolutionNode = FALSE
	EndGlobalSection
	GlobalSection(ProjectConfigurationPlatforms) = postSolution
		{1CFA2E40-E726-4457-8AE3-2E073ED2F5BE}.Debug|Any CPU.ActiveCfg = Debug|Any CPU
		{1CFA2E40-E726-4457-8AE3-2E073ED2F5BE}.Debug|Any CPU.Build.0 = Debug|Any CPU
		{1CFA2E40-E726-4457-8AE3-2E073ED2F5BE}.Release|Any CPU.ActiveCfg = Release|Any CPU
		{1CFA2E40-E726-4457-8AE3-2E073ED2F5BE}.Release|Any CPU.Build.0 = Release|Any CPU
		{6630BBEB-6027-43BE-A0F5-23AECE93104B}.Debug|Any CPU.ActiveCfg = Debug|Any CPU
		{6630BBEB-6027-43BE-A0F5-23AECE93104B}.Debug|Any CPU.Build.0 = Debug|Any CPU
		{6630BBEB-6027-43BE-A0F5-23AECE93104B}.Release|Any CPU.ActiveCfg = Release|Any CPU
		{6630BBEB-6027-43BE-A0F5-23AECE93104B}.Release|Any CPU.Build.0 = Release|Any CPU
		{6EC0532D-76F1-42D6-81B1-A5B7B3BDB29A}.Debug|Any CPU.ActiveCfg = Debug|Any CPU
		{6EC0532D-76F1-42D6-81B1-A5B7B3BDB29A}.Debug|Any CPU.Build.0 = Debug|Any CPU
		{6EC0532D-76F1-42D6-81B1-A5B7B3BDB29A}.Release|Any CPU.ActiveCfg = Release|Any CPU
		{6EC0532D-76F1-42D6-81B1-A5B7B3BDB29A}.Release|Any CPU.Build.0 = Release|Any CPU
		{613EC3E0-EEB6-4769-A047-531DDAA63565}.Debug|Any CPU.ActiveCfg = Debug|Any CPU
		{613EC3E0-EEB6-4769-A047-531DDAA63565}.Debug|Any CPU.Build.0 = Debug|Any CPU
		{613EC3E0-EEB6-4769-A047-531DDAA63565}.Release|Any CPU.ActiveCfg = Release|Any CPU
		{613EC3E0-EEB6-4769-A047-531DDAA63565}.Release|Any CPU.Build.0 = Release|Any CPU
	EndGlobalSection
EndGlobal
